
Microsoft Visual Studio Solution File, Format Version 12.00
# Visual Studio Version 16
VisualStudioVersion = 16.0.29728.190
MinimumVisualStudioVersion = 10.0.40219.1
Project("{FAE04EC0-301F-11D3-BF4B-00C04F79EFBC}") = "Gateway", "Gateway\Gateway.csproj", "{0FD516E9-9228-4108-B96F-870697A40CA3}"
EndProject
Global
	GlobalSection(SolutionConfigurationPlatforms) = preSolution
		Debug|Any CPU = Debug|Any CPU
		Release|Any CPU = Release|Any CPU
	EndGlobalSection
	GlobalSection(ProjectConfigurationPlatforms) = postSolution
		{0FD516E9-9228-4108-B96F-870697A40CA3}.Debug|Any CPU.ActiveCfg = Debug|Any CPU
		{0FD516E9-9228-4108-B96F-870697A40CA3}.Debug|Any CPU.Build.0 = Debug|Any CPU
		{0FD516E9-9228-4108-B96F-870697A40CA3}.Release|Any CPU.ActiveCfg = Release|Any CPU
		{0FD516E9-9228-4108-B96F-870697A40CA3}.Release|Any CPU.Build.0 = Release|Any CPU
	EndGlobalSection
	GlobalSection(SolutionProperties) = preSolution
		HideSolutionNode = FALSE
	EndGlobalSection
	GlobalSection(ExtensibilityGlobals) = postSolution
		SolutionGuid = {E5E4189A-74FA-4284-9093-31F8AA6CF085}
	EndGlobalSection
EndGlobal
